Microsoft Visual Studio Solution File, Format Version 12.00
# Visual Studio Version 17
VisualStudioVersion = 17.5.2.0
MinimumVisualStudioVersion = 10.0.40219.1
Project("{FAE04EC0-301F-11D3-BF4B-00C04F79EFBC}") = "CSharpLanguage", "CSharpLanguage.csproj", "{C961585B-7087-BD48-8A2C-80B6417C3ABC}"
EndProject
Global
	GlobalSection(SolutionConfigurationPlatforms) = preSolution
		Debug|Any CPU = Debug|Any CPU
		Release|Any CPU = Release|Any CPU
	EndGlobalSection
	GlobalSection(ProjectConfigurationPlatforms) = postSolution
		{C961585B-7087-BD48-8A2C-80B6417C3ABC}.Debug|Any CPU.ActiveCfg = Debug|Any CPU
		{C961585B-7087-BD48-8A2C-80B6417C3ABC}.Debug|Any CPU.Build.0 = Debug|Any CPU
		{C961585B-7087-BD48-8A2C-80B6417C3ABC}.Release|Any CPU.ActiveCfg = Release|Any CPU
		{C961585B-7087-BD48-8A2C-80B6417C3ABC}.Release|Any CPU.Build.0 = Release|Any CPU
	EndGlobalSection
	GlobalSection(SolutionProperties) = preSolution
		HideSolutionNode = FALSE
	EndGlobalSection
	GlobalSection(ExtensibilityGlobals) = postSolution
		SolutionGuid = {51C65205-CF2B-437C-B7E4-FCE8703D889A}
	EndGlobalSection
EndGlobal
