Microsoft Visual Studio Solution File, Format Version 12.00
# Visual Studio Version 17
VisualStudioVersion = 17.5.2.0
MinimumVisualStudioVersion = 10.0.40219.1
Project("{FAE04EC0-301F-11D3-BF4B-00C04F79EFBC}") = "TypeClassesAndStructures", "TypeClassesAndStructures.csproj", "{FF666596-167F-8763-E266-B9F22FE15F8E}"
EndProject
Global
	GlobalSection(SolutionConfigurationPlatforms) = preSolution
		Debug|Any CPU = Debug|Any CPU
		Release|Any CPU = Release|Any CPU
	EndGlobalSection
	GlobalSection(ProjectConfigurationPlatforms) = postSolution
		{FF666596-167F-8763-E266-B9F22FE15F8E}.Debug|Any CPU.ActiveCfg = Debug|Any CPU
		{FF666596-167F-8763-E266-B9F22FE15F8E}.Debug|Any CPU.Build.0 = Debug|Any CPU
		{FF666596-167F-8763-E266-B9F22FE15F8E}.Release|Any CPU.ActiveCfg = Release|Any CPU
		{FF666596-167F-8763-E266-B9F22FE15F8E}.Release|Any CPU.Build.0 = Release|Any CPU
	EndGlobalSection
	GlobalSection(SolutionProperties) = preSolution
		HideSolutionNode = FALSE
	EndGlobalSection
	GlobalSection(ExtensibilityGlobals) = postSolution
		SolutionGuid = {5983F193-30F6-4604-8561-06D1E1BA6130}
	EndGlobalSection
EndGlobal
