
Microsoft Visual Studio Solution File, Format Version 12.00
# Visual Studio Version 17
VisualStudioVersion = 17.14.36203.30 d17.14
MinimumVisualStudioVersion = 10.0.40219.1
Project("{FAE04EC0-301F-11D3-BF4B-00C04F79EFBC}") = "PorBaixoDosPanos", "PorBaixoDosPanos\PorBaixoDosPanos.csproj", "{29F7A89F-7CFC-4146-8DF5-9DCD4812D451}"
EndProject
Global
	GlobalSection(SolutionConfigurationPlatforms) = preSolution
		Debug|Any CPU = Debug|Any CPU
		Release|Any CPU = Release|Any CPU
	EndGlobalSection
	GlobalSection(ProjectConfigurationPlatforms) = postSolution
		{29F7A89F-7CFC-4146-8DF5-9DCD4812D451}.Debug|Any CPU.ActiveCfg = Debug|Any CPU
		{29F7A89F-7CFC-4146-8DF5-9DCD4812D451}.Debug|Any CPU.Build.0 = Debug|Any CPU
		{29F7A89F-7CFC-4146-8DF5-9DCD4812D451}.Release|Any CPU.ActiveCfg = Release|Any CPU
		{29F7A89F-7CFC-4146-8DF5-9DCD4812D451}.Release|Any CPU.Build.0 = Release|Any CPU
	EndGlobalSection
	GlobalSection(SolutionProperties) = preSolution
		HideSolutionNode = FALSE
	EndGlobalSection
	GlobalSection(ExtensibilityGlobals) = postSolution
		SolutionGuid = {F143FBCD-9FAE-4137-A518-7B46B323AAA8}
	EndGlobalSection
EndGlobal
